PODS:
  - Crashlytics (3.6.0):
    - Fabric (~> 1.6.3)
  - Device (0.0.6)
  - Fabric (1.6.4)
  - RxCocoa (2.1.0):
    - RxSwift (~> 2.0)
  - RxSwift (2.1.0)

DEPENDENCIES:
  - Crashlytics
  - Device
  - Fabric
  - RxCocoa
  - RxSwift

SPEC CHECKSUMS:
  Crashlytics: e4e8d02914f2608fbc7bf42b1a7af838b0db67a2
  Device: 2b48a78b55e5631a8b1006b325dfefc32f6b8690
  Fabric: ed41fd62173c6bdea24ab02c9d7707161eabb750
  RxCocoa: 79b5feb8378545336e756a0a33fcf5e95050b71c
  RxSwift: 110fb07f81c17c2c3b3254d168363057b1880d18

COCOAPODS: 0.39.0
