// !$*UTF8*$!
{
	archiveVersion = 1;
	classes = {
	};
	objectVersion = 46;
	objects = {

/* Begin PBXBuildFile section */
		0A3F63E21C6B43030099C9E8 /* HelpViewController.swift in Sources */ = {isa = PBXBuildFile; fileRef = 0A3F63E11C6B43030099C9E8 /* HelpViewController.swift */; };
		0A4111CC1C510C2F0067D0E3 /* EventView.swift in Sources */ = {isa = PBXBuildFile; fileRef = 0A4111CB1C510C2F0067D0E3 /* EventView.swift */; };
		0A4111CE1C510FE80067D0E3 /* SequenceView.swift in Sources */ = {isa = PBXBuildFile; fileRef = 0A4111CD1C510FE80067D0E3 /* SequenceView.swift */; };
		0A4111D01C5110090067D0E3 /* SourceSequenceView.swift in Sources */ = {isa = PBXBuildFile; fileRef = 0A4111CF1C5110090067D0E3 /* SourceSequenceView.swift */; };
		0A4111D21C51103D0067D0E3 /* ResultSequenceView.swift in Sources */ = {isa = PBXBuildFile; fileRef = 0A4111D11C51103D0067D0E3 /* ResultSequenceView.swift */; };
		0A4111D41C5110610067D0E3 /* SceneView.swift in Sources */ = {isa = PBXBuildFile; fileRef = 0A4111D31C5110610067D0E3 /* SceneView.swift */; };
		0AC130871C74BD8E0095F810 /* Settings.bundle in Resources */ = {isa = PBXBuildFile; fileRef = 0AC130861C74BD8E0095F810 /* Settings.bundle */; };
		0AC265931C3D2C24009E28FD /* AppDelegate.swift in Sources */ = {isa = PBXBuildFile; fileRef = 0AC265921C3D2C24009E28FD /* AppDelegate.swift */; };
		0AC265951C3D2C24009E28FD /* OperatorViewController.swift in Sources */ = {isa = PBXBuildFile; fileRef = 0AC265941C3D2C24009E28FD /* OperatorViewController.swift */; };
		0AC2659A1C3D2C24009E28FD /* Assets.xcassets in Resources */ = {isa = PBXBuildFile; fileRef = 0AC265991C3D2C24009E28FD /* Assets.xcassets */; };
		0AC266091C3E96C2009E28FD /* Any+Equatable.swift in Sources */ = {isa = PBXBuildFile; fileRef = 0AC265FB1C3E96C2009E28FD /* Any+Equatable.swift */; };
		0AC2660A1C3E96C2009E28FD /* ColdObservable.swift in Sources */ = {isa = PBXBuildFile; fileRef = 0AC265FC1C3E96C2009E28FD /* ColdObservable.swift */; };
		0AC2660B1C3E96C2009E28FD /* Event+Equatable.swift in Sources */ = {isa = PBXBuildFile; fileRef = 0AC265FD1C3E96C2009E28FD /* Event+Equatable.swift */; };
		0AC2660C1C3E96C2009E28FD /* HotObservable.swift in Sources */ = {isa = PBXBuildFile; fileRef = 0AC265FE1C3E96C2009E28FD /* HotObservable.swift */; };
		0AC2660E1C3E96C2009E28FD /* Recorded.swift in Sources */ = {isa = PBXBuildFile; fileRef = 0AC266001C3E96C2009E28FD /* Recorded.swift */; };
		0AC2660F1C3E96C2009E28FD /* RxTests.swift in Sources */ = {isa = PBXBuildFile; fileRef = 0AC266011C3E96C2009E28FD /* RxTests.swift */; };
		0AC266101C3E96C2009E28FD /* TestScheduler.swift in Sources */ = {isa = PBXBuildFile; fileRef = 0AC266031C3E96C2009E28FD /* TestScheduler.swift */; };
		0AC266111C3E96C2009E28FD /* TestSchedulerVirtualTimeConverter.swift in Sources */ = {isa = PBXBuildFile; fileRef = 0AC266041C3E96C2009E28FD /* TestSchedulerVirtualTimeConverter.swift */; };
		0AC266121C3E96C2009E28FD /* Subscription.swift in Sources */ = {isa = PBXBuildFile; fileRef = 0AC266051C3E96C2009E28FD /* Subscription.swift */; };
		0AC266131C3E96C2009E28FD /* TestableObservable.swift in Sources */ = {isa = PBXBuildFile; fileRef = 0AC266061C3E96C2009E28FD /* TestableObservable.swift */; };
		0AC266141C3E96C2009E28FD /* TestableObserver.swift in Sources */ = {isa = PBXBuildFile; fileRef = 0AC266071C3E96C2009E28FD /* TestableObserver.swift */; };
		0AC2661E1C40775D009E28FD /* OperatorsTableViewController.swift in Sources */ = {isa = PBXBuildFile; fileRef = 0AC2661D1C40775D009E28FD /* OperatorsTableViewController.swift */; };
		0AE8A6AE1C47EAFB00570F15 /* EquatableArray.swift in Sources */ = {isa = PBXBuildFile; fileRef = 0AE8A6AD1C47EAFB00570F15 /* EquatableArray.swift */; };
		0AFA29EC1C772DA300070AF2 /* Notifications.swift in Sources */ = {isa = PBXBuildFile; fileRef = 0AFA29EB1C772DA300070AF2 /* Notifications.swift */; };
		2DA5B8272389766D00275B96 /* Section.swift in Sources */ = {isa = PBXBuildFile; fileRef = 2DA5B8262389766D00275B96 /* Section.swift */; };
		2DA5B82A2389784700275B96 /* OperatorsTableViewModel.swift in Sources */ = {isa = PBXBuildFile; fileRef = 2DA5B8292389784700275B96 /* OperatorsTableViewModel.swift */; };
		654CF3E32222BC2300E68D10 /* Localizable.strings in Resources */ = {isa = PBXBuildFile; fileRef = 654CF3E52222BC2300E68D10 /* Localizable.strings */; };
		6B5417EA67FBF1ABDB81F389 /* Pods_RxMarbles.framework in Frameworks */ = {isa = PBXBuildFile; fileRef = 354B57C154849AC0C5DFAA67 /* Pods_RxMarbles.framework */; };
		A3B1F0351FDF47B0002F4CAC /* Bag.swift in Sources */ = {isa = PBXBuildFile; fileRef = A3B1F0341FDF47B0002F4CAC /* Bag.swift */; };
		D25E7A501C41BD4800B08F70 /* Operator.swift in Sources */ = {isa = PBXBuildFile; fileRef = D25E7A4F1C41BD4800B08F70 /* Operator.swift */; };
		D25E7A521C41BF3F00B08F70 /* Launch Screen.storyboard in Resources */ = {isa = PBXBuildFile; fileRef = D25E7A511C41BF3F00B08F70 /* Launch Screen.storyboard */; };
		D28A68481C629073008A8C6F /* OperatorCode.swift in Sources */ = {isa = PBXBuildFile; fileRef = D28A68471C629073008A8C6F /* OperatorCode.swift */; };
		D29878861C6FC79100AA73E8 /* Font.swift in Sources */ = {isa = PBXBuildFile; fileRef = D29878851C6FC79100AA73E8 /* Font.swift */; };
		D2F561A51C52AAEE0041C9A3 /* Color.swift in Sources */ = {isa = PBXBuildFile; fileRef = D2F561A41C52AAEE0041C9A3 /* Color.swift */; };
		D2F561A71C52AEF30041C9A3 /* Animation.swift in Sources */ = {isa = PBXBuildFile; fileRef = D2F561A61C52AEF30041C9A3 /* Animation.swift */; };
		D2F561AB1C52B0510041C9A3 /* Indexing.swift in Sources */ = {isa = PBXBuildFile; fileRef = D2F561AA1C52B0510041C9A3 /* Indexing.swift */; };
		D2F561AF1C52B0DD0041C9A3 /* OperatorImplementation.swift in Sources */ = {isa = PBXBuildFile; fileRef = D2F561AE1C52B0DD0041C9A3 /* OperatorImplementation.swift */; };
		D2F561B11C52B13B0041C9A3 /* Image.swift in Sources */ = {isa = PBXBuildFile; fileRef = D2F561B01C52B13B0041C9A3 /* Image.swift */; };
		D2F561B31C52B15B0041C9A3 /* ColoredType.swift in Sources */ = {isa = PBXBuildFile; fileRef = D2F561B21C52B15B0041C9A3 /* ColoredType.swift */; };
		D2F561B51C52B2160041C9A3 /* EventShape.swift in Sources */ = {isa = PBXBuildFile; fileRef = D2F561B41C52B2160041C9A3 /* EventShape.swift */; };
/* End PBXBuildFile section */

/* Begin PBXFileReference section */
		0A3F63E11C6B43030099C9E8 /* HelpViewController.swift */ = {isa = PBXFileReference; fileEncoding = 4; lastKnownFileType = sourcecode.swift; path = HelpViewController.swift; sourceTree = "<group>"; };
		0A4111CB1C510C2F0067D0E3 /* EventView.swift */ = {isa = PBXFileReference; fileEncoding = 4; lastKnownFileType = sourcecode.swift; path = EventView.swift; sourceTree = "<group>"; };
		0A4111CD1C510FE80067D0E3 /* SequenceView.swift */ = {isa = PBXFileReference; fileEncoding = 4; lastKnownFileType = sourcecode.swift; path = SequenceView.swift; sourceTree = "<group>"; };
		0A4111CF1C5110090067D0E3 /* SourceSequenceView.swift */ = {isa = PBXFileReference; fileEncoding = 4; lastKnownFileType = sourcecode.swift; path = SourceSequenceView.swift; sourceTree = "<group>"; };
		0A4111D11C51103D0067D0E3 /* ResultSequenceView.swift */ = {isa = PBXFileReference; fileEncoding = 4; lastKnownFileType = sourcecode.swift; path = ResultSequenceView.swift; sourceTree = "<group>"; };
		0A4111D31C5110610067D0E3 /* SceneView.swift */ = {isa = PBXFileReference; fileEncoding = 4; lastKnownFileType = sourcecode.swift; path = SceneView.swift; sourceTree = "<group>"; };
		0AC130861C74BD8E0095F810 /* Settings.bundle */ = {isa = PBXFileReference; lastKnownFileType = "wrapper.plug-in"; path = Settings.bundle; sourceTree = "<group>"; };
		0AC2658F1C3D2C24009E28FD /* RxMarbles.app */ = {isa = PBXFileReference; explicitFileType = wrapper.application; includeInIndex = 0; path = RxMarbles.app; sourceTree = BUILT_PRODUCTS_DIR; };
		0AC265921C3D2C24009E28FD /* AppDelegate.swift */ = {isa = PBXFileReference; lastKnownFileType = sourcecode.swift; path = AppDelegate.swift; sourceTree = "<group>"; };
		0AC265941C3D2C24009E28FD /* OperatorViewController.swift */ = {isa = PBXFileReference; lastKnownFileType = sourcecode.swift; path = OperatorViewController.swift; sourceTree = "<group>"; };
		0AC265991C3D2C24009E28FD /* Assets.xcassets */ = {isa = PBXFileReference; lastKnownFileType = folder.assetcatalog; path = Assets.xcassets; sourceTree = "<group>"; };
		0AC2659E1C3D2C24009E28FD /* Info.plist */ = {isa = PBXFileReference; lastKnownFileType = text.plist.xml; path = Info.plist; sourceTree = "<group>"; };
		0AC265A41C3D2D1B009E28FD /* SpriteKit.framework */ = {isa = PBXFileReference; lastKnownFileType = wrapper.framework; name = SpriteKit.framework; path = System/Library/Frameworks/SpriteKit.framework; sourceTree = SDKROOT; };
		0AC265FB1C3E96C2009E28FD /* Any+Equatable.swift */ = {isa = PBXFileReference; fileEncoding = 4; lastKnownFileType = sourcecode.swift; name = "Any+Equatable.swift"; path = "RxTests/Any+Equatable.swift"; sourceTree = "<group>"; };
		0AC265FC1C3E96C2009E28FD /* ColdObservable.swift */ = {isa = PBXFileReference; fileEncoding = 4; lastKnownFileType = sourcecode.swift; name = ColdObservable.swift; path = RxTests/ColdObservable.swift; sourceTree = "<group>"; };
		0AC265FD1C3E96C2009E28FD /* Event+Equatable.swift */ = {isa = PBXFileReference; fileEncoding = 4; lastKnownFileType = sourcecode.swift; name = "Event+Equatable.swift"; path = "RxTests/Event+Equatable.swift"; sourceTree = "<group>"; };
		0AC265FE1C3E96C2009E28FD /* HotObservable.swift */ = {isa = PBXFileReference; fileEncoding = 4; lastKnownFileType = sourcecode.swift; name = HotObservable.swift; path = RxTests/HotObservable.swift; sourceTree = "<group>"; };
		0AC266001C3E96C2009E28FD /* Recorded.swift */ = {isa = PBXFileReference; fileEncoding = 4; lastKnownFileType = sourcecode.swift; name = Recorded.swift; path = RxTests/Recorded.swift; sourceTree = "<group>"; };
		0AC266011C3E96C2009E28FD /* RxTests.swift */ = {isa = PBXFileReference; fileEncoding = 4; lastKnownFileType = sourcecode.swift; name = RxTests.swift; path = RxTests/RxTests.swift; sourceTree = "<group>"; };
		0AC266031C3E96C2009E28FD /* TestScheduler.swift */ = {isa = PBXFileReference; fileEncoding = 4; lastKnownFileType = sourcecode.swift; path = TestScheduler.swift; sourceTree = "<group>"; };
		0AC266041C3E96C2009E28FD /* TestSchedulerVirtualTimeConverter.swift */ = {isa = PBXFileReference; fileEncoding = 4; lastKnownFileType = sourcecode.swift; path = TestSchedulerVirtualTimeConverter.swift; sourceTree = "<group>"; };
		0AC266051C3E96C2009E28FD /* Subscription.swift */ = {isa = PBXFileReference; fileEncoding = 4; lastKnownFileType = sourcecode.swift; name = Subscription.swift; path = RxTests/Subscription.swift; sourceTree = "<group>"; };
		0AC266061C3E96C2009E28FD /* TestableObservable.swift */ = {isa = PBXFileReference; fileEncoding = 4; lastKnownFileType = sourcecode.swift; name = TestableObservable.swift; path = RxTests/TestableObservable.swift; sourceTree = "<group>"; };
		0AC266071C3E96C2009E28FD /* TestableObserver.swift */ = {isa = PBXFileReference; fileEncoding = 4; lastKnownFileType = sourcecode.swift; name = TestableObserver.swift; path = RxTests/TestableObserver.swift; sourceTree = "<group>"; };
		0AC2661D1C40775D009E28FD /* OperatorsTableViewController.swift */ = {isa = PBXFileReference; fileEncoding = 4; lastKnownFileType = sourcecode.swift; path = OperatorsTableViewController.swift; sourceTree = "<group>"; };
		0AE8A6AD1C47EAFB00570F15 /* EquatableArray.swift */ = {isa = PBXFileReference; fileEncoding = 4; lastKnownFileType = sourcecode.swift; name = EquatableArray.swift; path = RxTests/EquatableArray.swift; sourceTree = "<group>"; };
		0AFA29EB1C772DA300070AF2 /* Notifications.swift */ = {isa = PBXFileReference; fileEncoding = 4; lastKnownFileType = sourcecode.swift; path = Notifications.swift; sourceTree = "<group>"; };
		2DA5B8262389766D00275B96 /* Section.swift */ = {isa = PBXFileReference; lastKnownFileType = sourcecode.swift; path = Section.swift; sourceTree = "<group>"; };
		2DA5B8292389784700275B96 /* OperatorsTableViewModel.swift */ = {isa = PBXFileReference; lastKnownFileType = sourcecode.swift; path = OperatorsTableViewModel.swift; sourceTree = "<group>"; };
		354B57C154849AC0C5DFAA67 /* Pods_RxMarbles.framework */ = {isa = PBXFileReference; explicitFileType = wrapper.framework; includeInIndex = 0; path = Pods_RxMarbles.framework; sourceTree = BUILT_PRODUCTS_DIR; };
		654CF3E42222BC2300E68D10 /* en */ = {isa = PBXFileReference; lastKnownFileType = text.plist.strings; name = en; path = en.lproj/Localizable.strings; sourceTree = "<group>"; };
		654CF3E62222BC2C00E68D10 /* ru */ = {isa = PBXFileReference; lastKnownFileType = text.plist.strings; name = ru; path = ru.lproj/Localizable.strings; sourceTree = "<group>"; };
		6986C35E08407E6F25C12994 /* Pods-RxMarbles.debug.xcconfig */ = {isa = PBXFileReference; includeInIndex = 1; lastKnownFileType = text.xcconfig; name = "Pods-RxMarbles.debug.xcconfig"; path = "Pods/Target Support Files/Pods-RxMarbles/Pods-RxMarbles.debug.xcconfig"; sourceTree = "<group>"; };
		A3B1F0341FDF47B0002F4CAC /* Bag.swift */ = {isa = PBXFileReference; lastKnownFileType = sourcecode.swift; path = Bag.swift; sourceTree = "<group>"; };
		CAE724EF79E7DD1CA47C8ADE /* Pods-RxMarbles.release.xcconfig */ = {isa = PBXFileReference; includeInIndex = 1; lastKnownFileType = text.xcconfig; name = "Pods-RxMarbles.release.xcconfig"; path = "Pods/Target Support Files/Pods-RxMarbles/Pods-RxMarbles.release.xcconfig"; sourceTree = "<group>"; };
		D25E7A4F1C41BD4800B08F70 /* Operator.swift */ = {isa = PBXFileReference; fileEncoding = 4; lastKnownFileType = sourcecode.swift; path = Operator.swift; sourceTree = "<group>"; };
		D25E7A511C41BF3F00B08F70 /* Launch Screen.storyboard */ = {isa = PBXFileReference; fileEncoding = 4; lastKnownFileType = file.storyboard; path = "Launch Screen.storyboard"; sourceTree = "<group>"; };
		D28A68471C629073008A8C6F /* OperatorCode.swift */ = {isa = PBXFileReference; fileEncoding = 4; lastKnownFileType = sourcecode.swift; path = OperatorCode.swift; sourceTree = "<group>"; };
		D29878851C6FC79100AA73E8 /* Font.swift */ = {isa = PBXFileReference; fileEncoding = 4; lastKnownFileType = sourcecode.swift; path = Font.swift; sourceTree = "<group>"; };
		D2F561A41C52AAEE0041C9A3 /* Color.swift */ = {isa = PBXFileReference; fileEncoding = 4; lastKnownFileType = sourcecode.swift; path = Color.swift; sourceTree = "<group>"; };
		D2F561A61C52AEF30041C9A3 /* Animation.swift */ = {isa = PBXFileReference; fileEncoding = 4; lastKnownFileType = sourcecode.swift; path = Animation.swift; sourceTree = "<group>"; };
		D2F561AA1C52B0510041C9A3 /* Indexing.swift */ = {isa = PBXFileReference; fileEncoding = 4; lastKnownFileType = sourcecode.swift; path = Indexing.swift; sourceTree = "<group>"; };
		D2F561AE1C52B0DD0041C9A3 /* OperatorImplementation.swift */ = {isa = PBXFileReference; fileEncoding = 4; lastKnownFileType = sourcecode.swift; path = OperatorImplementation.swift; sourceTree = "<group>"; };
		D2F561B01C52B13B0041C9A3 /* Image.swift */ = {isa = PBXFileReference; fileEncoding = 4; lastKnownFileType = sourcecode.swift; path = Image.swift; sourceTree = "<group>"; };
		D2F561B21C52B15B0041C9A3 /* ColoredType.swift */ = {isa = PBXFileReference; fileEncoding = 4; lastKnownFileType = sourcecode.swift; path = ColoredType.swift; sourceTree = "<group>"; };
		D2F561B41C52B2160041C9A3 /* EventShape.swift */ = {isa = PBXFileReference; fileEncoding = 4; lastKnownFileType = sourcecode.swift; path = EventShape.swift; sourceTree = "<group>"; };
/* End PBXFileReference section */

/* Begin PBXFrameworksBuildPhase section */
		0AC2658C1C3D2C24009E28FD /* Frameworks */ = {
			isa = PBXFrameworksBuildPhase;
			buildActionMask = 2147483647;
			files = (
				6B5417EA67FBF1ABDB81F389 /* Pods_RxMarbles.framework in Frameworks */,
			);
			runOnlyForDeploymentPostprocessing = 0;
		};
/* End PBXFrameworksBuildPhase section */

/* Begin PBXGroup section */
		0A4111D51C51113C0067D0E3 /* ViewControllers */ = {
			isa = PBXGroup;
			children = (
				0AC265941C3D2C24009E28FD /* OperatorViewController.swift */,
				0AC2661D1C40775D009E28FD /* OperatorsTableViewController.swift */,
				0A3F63E11C6B43030099C9E8 /* HelpViewController.swift */,
			);
			name = ViewControllers;
			sourceTree = "<group>";
		};
		0A4111D61C51114D0067D0E3 /* Views */ = {
			isa = PBXGroup;
			children = (
				0A4111CD1C510FE80067D0E3 /* SequenceView.swift */,
				0A4111CF1C5110090067D0E3 /* SourceSequenceView.swift */,
				0A4111D11C51103D0067D0E3 /* ResultSequenceView.swift */,
				0A4111D31C5110610067D0E3 /* SceneView.swift */,
				0A4111CB1C510C2F0067D0E3 /* EventView.swift */,
			);
			name = Views;
			sourceTree = "<group>";
		};
		0AC265861C3D2C23009E28FD = {
			isa = PBXGroup;
			children = (
				D25E7A511C41BF3F00B08F70 /* Launch Screen.storyboard */,
				0AC265911C3D2C24009E28FD /* RxMarbles */,
				0AC265901C3D2C24009E28FD /* Products */,
				D028916D53309B4D877173B9 /* Frameworks */,
				3C070976F34E97EE5EAAE3BE /* Pods */,
			);
			sourceTree = "<group>";
		};
		0AC265901C3D2C24009E28FD /* Products */ = {
			isa = PBXGroup;
			children = (
				0AC2658F1C3D2C24009E28FD /* RxMarbles.app */,
			);
			name = Products;
			sourceTree = "<group>";
		};
		0AC265911C3D2C24009E28FD /* RxMarbles */ = {
			isa = PBXGroup;
			children = (
				D2F561A91C52B0360041C9A3 /* Model */,
				2DA5B828238977F700275B96 /* ViewModels */,
				0AC265FA1C3E96C2009E28FD /* Lib */,
				D2F561A31C52AAD90041C9A3 /* UIKit */,
				0A4111D51C51113C0067D0E3 /* ViewControllers */,
				0A4111D61C51114D0067D0E3 /* Views */,
				0AC265991C3D2C24009E28FD /* Assets.xcassets */,
				654CF3E52222BC2300E68D10 /* Localizable.strings */,
				0AC130861C74BD8E0095F810 /* Settings.bundle */,
				0AC2659E1C3D2C24009E28FD /* Info.plist */,
				0AC265921C3D2C24009E28FD /* AppDelegate.swift */,
			);
			path = RxMarbles;
			sourceTree = "<group>";
		};
		0AC265FA1C3E96C2009E28FD /* Lib */ = {
			isa = PBXGroup;
			children = (
				D2F561A81C52B0120041C9A3 /* Rx */,
			);
			name = Lib;
			sourceTree = "<group>";
		};
		0AC266021C3E96C2009E28FD /* Schedulers */ = {
			isa = PBXGroup;
			children = (
				0AC266031C3E96C2009E28FD /* TestScheduler.swift */,
				0AC266041C3E96C2009E28FD /* TestSchedulerVirtualTimeConverter.swift */,
			);
			name = Schedulers;
			path = RxTests/Schedulers;
			sourceTree = "<group>";
		};
		2DA5B828238977F700275B96 /* ViewModels */ = {
			isa = PBXGroup;
			children = (
				2DA5B8292389784700275B96 /* OperatorsTableViewModel.swift */,
			);
			name = ViewModels;
			sourceTree = "<group>";
		};
		3C070976F34E97EE5EAAE3BE /* Pods */ = {
			isa = PBXGroup;
			children = (
				6986C35E08407E6F25C12994 /* Pods-RxMarbles.debug.xcconfig */,
				CAE724EF79E7DD1CA47C8ADE /* Pods-RxMarbles.release.xcconfig */,
			);
			name = Pods;
			sourceTree = "<group>";
		};
		D028916D53309B4D877173B9 /* Frameworks */ = {
			isa = PBXGroup;
			children = (
				0AC265A41C3D2D1B009E28FD /* SpriteKit.framework */,
				354B57C154849AC0C5DFAA67 /* Pods_RxMarbles.framework */,
			);
			name = Frameworks;
			sourceTree = "<group>";
		};
		D2F561A31C52AAD90041C9A3 /* UIKit */ = {
			isa = PBXGroup;
			children = (
				D2F561A61C52AEF30041C9A3 /* Animation.swift */,
				D2F561A41C52AAEE0041C9A3 /* Color.swift */,
				D2F561B01C52B13B0041C9A3 /* Image.swift */,
				D29878851C6FC79100AA73E8 /* Font.swift */,
			);
			name = UIKit;
			sourceTree = "<group>";
		};
		D2F561A81C52B0120041C9A3 /* Rx */ = {
			isa = PBXGroup;
			children = (
				0AC266071C3E96C2009E28FD /* TestableObserver.swift */,
				0AE8A6AD1C47EAFB00570F15 /* EquatableArray.swift */,
				0AC265FB1C3E96C2009E28FD /* Any+Equatable.swift */,
				0AC265FC1C3E96C2009E28FD /* ColdObservable.swift */,
				0AC265FD1C3E96C2009E28FD /* Event+Equatable.swift */,
				0AC265FE1C3E96C2009E28FD /* HotObservable.swift */,
				0AC266001C3E96C2009E28FD /* Recorded.swift */,
				0AC266011C3E96C2009E28FD /* RxTests.swift */,
				0AC266021C3E96C2009E28FD /* Schedulers */,
				0AC266051C3E96C2009E28FD /* Subscription.swift */,
				0AC266061C3E96C2009E28FD /* TestableObservable.swift */,
				A3B1F0341FDF47B0002F4CAC /* Bag.swift */,
			);
			name = Rx;
			sourceTree = "<group>";
		};
		D2F561A91C52B0360041C9A3 /* Model */ = {
			isa = PBXGroup;
			children = (
				2DA5B8262389766D00275B96 /* Section.swift */,
				D25E7A4F1C41BD4800B08F70 /* Operator.swift */,
				D2F561AE1C52B0DD0041C9A3 /* OperatorImplementation.swift */,
				D28A68471C629073008A8C6F /* OperatorCode.swift */,
				D2F561AA1C52B0510041C9A3 /* Indexing.swift */,
				D2F561B21C52B15B0041C9A3 /* ColoredType.swift */,
				D2F561B41C52B2160041C9A3 /* EventShape.swift */,
				0AFA29EB1C772DA300070AF2 /* Notifications.swift */,
			);
			name = Model;
			sourceTree = "<group>";
		};
/* End PBXGroup section */

/* Begin PBXNativeTarget section */
		0AC2658E1C3D2C24009E28FD /* RxMarbles */ = {
			isa = PBXNativeTarget;
			buildConfigurationList = 0AC265A11C3D2C24009E28FD /* Build configuration list for PBXNativeTarget "RxMarbles" */;
			buildPhases = (
				45FD365BAAC66359A170F6FB /* [CP] Check Pods Manifest.lock */,
				0AC2658B1C3D2C24009E28FD /* Sources */,
				0AC2658C1C3D2C24009E28FD /* Frameworks */,
				0AC2658D1C3D2C24009E28FD /* Resources */,
				0A9D41121C5F31A700ECADF1 /* Run Fabric */,
				9C2518058971B20966D61966 /* [CP] Embed Pods Frameworks */,
			);
			buildRules = (
			);
			dependencies = (
			);
			name = RxMarbles;
			productName = RxMarbles;
			productReference = 0AC2658F1C3D2C24009E28FD /* RxMarbles.app */;
			productType = "com.apple.product-type.application";
		};
/* End PBXNativeTarget section */

/* Begin PBXProject section */
		0AC265871C3D2C23009E28FD /* Project object */ = {
			isa = PBXProject;
			attributes = {
				CLASSPREFIX = RXM;
				LastSwiftUpdateCheck = 0720;
				LastUpgradeCheck = 1010;
				ORGANIZATIONNAME = AnjLab;
				TargetAttributes = {
					0AC2658E1C3D2C24009E28FD = {
						CreatedOnToolsVersion = 7.2;
						DevelopmentTeam = FD6ZML48V9;
						LastSwiftMigration = 1100;
						ProvisioningStyle = Automatic;
					};
				};
			};
			buildConfigurationList = 0AC2658A1C3D2C23009E28FD /* Build configuration list for PBXProject "RxMarbles" */;
			compatibilityVersion = "Xcode 3.2";
			developmentRegion = en;
			hasScannedForEncodings = 0;
			knownRegions = (
				en,
				Base,
				ru,
			);
			mainGroup = 0AC265861C3D2C23009E28FD;
			productRefGroup = 0AC265901C3D2C24009E28FD /* Products */;
			projectDirPath = "";
			projectRoot = "";
			targets = (
				0AC2658E1C3D2C24009E28FD /* RxMarbles */,
			);
		};
/* End PBXProject section */

/* Begin PBXResourcesBuildPhase section */
		0AC2658D1C3D2C24009E28FD /* Resources */ = {
			isa = PBXResourcesBuildPhase;
			buildActionMask = 2147483647;
			files = (
				0AC130871C74BD8E0095F810 /* Settings.bundle in Resources */,
				654CF3E32222BC2300E68D10 /* Localizable.strings in Resources */,
				0AC2659A1C3D2C24009E28FD /* Assets.xcassets in Resources */,
				D25E7A521C41BF3F00B08F70 /* Launch Screen.storyboard in Resources */,
			);
			runOnlyForDeploymentPostprocessing = 0;
		};
/* End PBXResourcesBuildPhase section */

/* Begin PBXShellScriptBuildPhase section */
		0A9D41121C5F31A700ECADF1 /* Run Fabric */ = {
			isa = PBXShellScriptBuildPhase;
			buildActionMask = 2147483647;
			files = (
			);
			inputPaths = (
			);
			name = "Run Fabric";
			outputPaths = (
			);
			runOnlyForDeploymentPostprocessing = 0;
			shellPath = /bin/sh;
			shellScript = "\"${PODS_ROOT}/Fabric/run\" b824a78adf5fc476fa301f0ae83ab49db162c671 88e1da6edaebfbae81b510e11bfef114ee0abf2e1d677c9305dc4027af2ad278";
		};
		45FD365BAAC66359A170F6FB /* [CP] Check Pods Manifest.lock */ = {
			isa = PBXShellScriptBuildPhase;
			buildActionMask = 2147483647;
			files = (
			);
			inputPaths = (
				"${PODS_PODFILE_DIR_PATH}/Podfile.lock",
				"${PODS_ROOT}/Manifest.lock",
			);
			name = "[CP] Check Pods Manifest.lock";
			outputPaths = (
				"$(DERIVED_FILE_DIR)/Pods-RxMarbles-checkManifestLockResult.txt",
			);
			runOnlyForDeploymentPostprocessing = 0;
			shellPath = /bin/sh;
			shellScript = "diff \"${PODS_PODFILE_DIR_PATH}/Podfile.lock\" \"${PODS_ROOT}/Manifest.lock\" > /dev/null\nif [ $? != 0 ] ; then\n    # print error to STDERR\n    echo \"error: The sandbox is not in sync with the Podfile.lock. Run 'pod install' or update your CocoaPods installation.\" >&2\n    exit 1\nfi\n# This output is used by Xcode 'outputs' to avoid re-running this script phase.\necho \"SUCCESS\" > \"${SCRIPT_OUTPUT_FILE_0}\"\n";
			showEnvVarsInLog = 0;
		};
		9C2518058971B20966D61966 /* [CP] Embed Pods Frameworks */ = {
			isa = PBXShellScriptBuildPhase;
			buildActionMask = 2147483647;
			files = (
			);
			inputPaths = (
				"${PODS_ROOT}/Target Support Files/Pods-RxMarbles/Pods-RxMarbles-frameworks.sh",
				"${BUILT_PRODUCTS_DIR}/Device/Device.framework",
				"${BUILT_PRODUCTS_DIR}/RazzleDazzle/RazzleDazzle.framework",
				"${BUILT_PRODUCTS_DIR}/RxAtomic/RxAtomic.framework",
				"${BUILT_PRODUCTS_DIR}/RxCocoa/RxCocoa.framework",
				"${BUILT_PRODUCTS_DIR}/RxSwift/RxSwift.framework",
			);
			name = "[CP] Embed Pods Frameworks";
			outputPaths = (
				"${TARGET_BUILD_DIR}/${FRAMEWORKS_FOLDER_PATH}/Device.framework",
				"${TARGET_BUILD_DIR}/${FRAMEWORKS_FOLDER_PATH}/RazzleDazzle.framework",
				"${TARGET_BUILD_DIR}/${FRAMEWORKS_FOLDER_PATH}/RxAtomic.framework",
				"${TARGET_BUILD_DIR}/${FRAMEWORKS_FOLDER_PATH}/RxCocoa.framework",
				"${TARGET_BUILD_DIR}/${FRAMEWORKS_FOLDER_PATH}/RxSwift.framework",
			);
			runOnlyForDeploymentPostprocessing = 0;
			shellPath = /bin/sh;
			shellScript = "\"${PODS_ROOT}/Target Support Files/Pods-RxMarbles/Pods-RxMarbles-frameworks.sh\"\n";
			showEnvVarsInLog = 0;
		};
/* End PBXShellScriptBuildPhase section */

/* Begin PBXSourcesBuildPhase section */
		0AC2658B1C3D2C24009E28FD /* Sources */ = {
			isa = PBXSourcesBuildPhase;
			buildActionMask = 2147483647;
			files = (
				0A4111D21C51103D0067D0E3 /* ResultSequenceView.swift in Sources */,
				D2F561B11C52B13B0041C9A3 /* Image.swift in Sources */,
				D2F561B51C52B2160041C9A3 /* EventShape.swift in Sources */,
				D2F561AF1C52B0DD0041C9A3 /* OperatorImplementation.swift in Sources */,
				0AC266101C3E96C2009E28FD /* TestScheduler.swift in Sources */,
				D2F561A51C52AAEE0041C9A3 /* Color.swift in Sources */,
				2DA5B82A2389784700275B96 /* OperatorsTableViewModel.swift in Sources */,
				0AC2660E1C3E96C2009E28FD /* Recorded.swift in Sources */,
				0AC266141C3E96C2009E28FD /* TestableObserver.swift in Sources */,
				0AC2660A1C3E96C2009E28FD /* ColdObservable.swift in Sources */,
				0AC265951C3D2C24009E28FD /* OperatorViewController.swift in Sources */,
				0AC2660B1C3E96C2009E28FD /* Event+Equatable.swift in Sources */,
				D25E7A501C41BD4800B08F70 /* Operator.swift in Sources */,
				0AC266121C3E96C2009E28FD /* Subscription.swift in Sources */,
				A3B1F0351FDF47B0002F4CAC /* Bag.swift in Sources */,
				0AC266111C3E96C2009E28FD /* TestSchedulerVirtualTimeConverter.swift in Sources */,
				0AE8A6AE1C47EAFB00570F15 /* EquatableArray.swift in Sources */,
				0A4111CC1C510C2F0067D0E3 /* EventView.swift in Sources */,
				2DA5B8272389766D00275B96 /* Section.swift in Sources */,
				0A4111CE1C510FE80067D0E3 /* SequenceView.swift in Sources */,
				0A4111D41C5110610067D0E3 /* SceneView.swift in Sources */,
				0A3F63E21C6B43030099C9E8 /* HelpViewController.swift in Sources */,
				D2F561A71C52AEF30041C9A3 /* Animation.swift in Sources */,
				0A4111D01C5110090067D0E3 /* SourceSequenceView.swift in Sources */,
				0AC2661E1C40775D009E28FD /* OperatorsTableViewController.swift in Sources */,
				0AC266091C3E96C2009E28FD /* Any+Equatable.swift in Sources */,
				D28A68481C629073008A8C6F /* OperatorCode.swift in Sources */,
				0AC266131C3E96C2009E28FD /* TestableObservable.swift in Sources */,
				0AC2660C1C3E96C2009E28FD /* HotObservable.swift in Sources */,
				0AC265931C3D2C24009E28FD /* AppDelegate.swift in Sources */,
				0AFA29EC1C772DA300070AF2 /* Notifications.swift in Sources */,
				0AC2660F1C3E96C2009E28FD /* RxTests.swift in Sources */,
				D29878861C6FC79100AA73E8 /* Font.swift in Sources */,
				D2F561B31C52B15B0041C9A3 /* ColoredType.swift in Sources */,
				D2F561AB1C52B0510041C9A3 /* Indexing.swift in Sources */,
			);
			runOnlyForDeploymentPostprocessing = 0;
		};
/* End PBXSourcesBuildPhase section */

/* Begin PBXVariantGroup section */
		654CF3E52222BC2300E68D10 /* Localizable.strings */ = {
			isa = PBXVariantGroup;
			children = (
				654CF3E42222BC2300E68D10 /* en */,
				654CF3E62222BC2C00E68D10 /* ru */,
			);
			name = Localizable.strings;
			sourceTree = "<group>";
		};
/* End PBXVariantGroup section */

/* Begin XCBuildConfiguration section */
		0AC2659F1C3D2C24009E28FD /* Debug */ = {
			isa = XCBuildConfiguration;
			buildSettings = {
				ALWAYS_SEARCH_USER_PATHS = NO;
				CLANG_ANALYZER_LOCALIZABILITY_NONLOCALIZED = YES;
				CLANG_CXX_LANGUAGE_STANDARD = "gnu++0x";
				CLANG_CXX_LIBRARY = "libc++";
				CLANG_ENABLE_MODULES = YES;
				CLANG_ENABLE_OBJC_ARC = YES;
				CLANG_WARN_BLOCK_CAPTURE_AUTORELEASING = YES;
				CLANG_WARN_BOOL_CONVERSION = YES;
				CLANG_WARN_COMMA = YES;
				CLANG_WARN_CONSTANT_CONVERSION = YES;
				CLANG_WARN_DEPRECATED_OBJC_IMPLEMENTATIONS = YES;
				CLANG_WARN_DIRECT_OBJC_ISA_USAGE = YES_ERROR;
				CLANG_WARN_EMPTY_BODY = YES;
				CLANG_WARN_ENUM_CONVERSION = YES;
				CLANG_WARN_INFINITE_RECURSION = YES;
				CLANG_WARN_INT_CONVERSION = YES;
				CLANG_WARN_NON_LITERAL_NULL_CONVERSION = YES;
				CLANG_WARN_OBJC_IMPLICIT_RETAIN_SELF = YES;
				CLANG_WARN_OBJC_LITERAL_CONVERSION = YES;
				CLANG_WARN_OBJC_ROOT_CLASS = YES_ERROR;
				CLANG_WARN_RANGE_LOOP_ANALYSIS = YES;
				CLANG_WARN_STRICT_PROTOTYPES = YES;
				CLANG_WARN_SUSPICIOUS_MOVE = YES;
				CLANG_WARN_UNREACHABLE_CODE = YES;
				CLANG_WARN__DUPLICATE_METHOD_MATCH = YES;
				"CODE_SIGN_IDENTITY[sdk=iphoneos*]" = "iPhone Developer";
				COPY_PHASE_STRIP = NO;
				DEBUG_INFORMATION_FORMAT = dwarf;
				ENABLE_STRICT_OBJC_MSGSEND = YES;
				ENABLE_TESTABILITY = YES;
				GCC_C_LANGUAGE_STANDARD = gnu99;
				GCC_DYNAMIC_NO_PIC = NO;
				GCC_NO_COMMON_BLOCKS = YES;
				GCC_OPTIMIZATION_LEVEL = 0;
				GCC_PREPROCESSOR_DEFINITIONS = (
					"DEBUG=1",
					"$(inherited)",
				);
				GCC_WARN_64_TO_32_BIT_CONVERSION = YES;
				GCC_WARN_ABOUT_RETURN_TYPE = YES_ERROR;
				GCC_WARN_UNDECLARED_SELECTOR = YES;
				GCC_WARN_UNINITIALIZED_AUTOS = YES_AGGRESSIVE;
				GCC_WARN_UNUSED_FUNCTION = YES;
				GCC_WARN_UNUSED_VARIABLE = YES;
				IPHONEOS_DEPLOYMENT_TARGET = 11.0;
				MTL_ENABLE_DEBUG_INFO = YES;
				ONLY_ACTIVE_ARCH = YES;
				SDKROOT = iphoneos;
				SWIFT_OPTIMIZATION_LEVEL = "-Onone";
				SWIFT_VERSION = 2.3;
			};
			name = Debug;
		};
		0AC265A01C3D2C24009E28FD /* Release */ = {
			isa = XCBuildConfiguration;
			buildSettings = {
				ALWAYS_SEARCH_USER_PATHS = NO;
				CLANG_ANALYZER_LOCALIZABILITY_NONLOCALIZED = YES;
				CLANG_CXX_LANGUAGE_STANDARD = "gnu++0x";
				CLANG_CXX_LIBRARY = "libc++";
				CLANG_ENABLE_MODULES = YES;
				CLANG_ENABLE_OBJC_ARC = YES;
				CLANG_WARN_BLOCK_CAPTURE_AUTORELEASING = YES;
				CLANG_WARN_BOOL_CONVERSION = YES;
				CLANG_WARN_COMMA = YES;
				CLANG_WARN_CONSTANT_CONVERSION = YES;
				CLANG_WARN_DEPRECATED_OBJC_IMPLEMENTATIONS = YES;
				CLANG_WARN_DIRECT_OBJC_ISA_USAGE = YES_ERROR;
				CLANG_WARN_EMPTY_BODY = YES;
				CLANG_WARN_ENUM_CONVERSION = YES;
				CLANG_WARN_INFINITE_RECURSION = YES;
				CLANG_WARN_INT_CONVERSION = YES;
				CLANG_WARN_NON_LITERAL_NULL_CONVERSION = YES;
				CLANG_WARN_OBJC_IMPLICIT_RETAIN_SELF = YES;
				CLANG_WARN_OBJC_LITERAL_CONVERSION = YES;
				CLANG_WARN_OBJC_ROOT_CLASS = YES_ERROR;
				CLANG_WARN_RANGE_LOOP_ANALYSIS = YES;
				CLANG_WARN_STRICT_PROTOTYPES = YES;
				CLANG_WARN_SUSPICIOUS_MOVE = YES;
				CLANG_WARN_UNREACHABLE_CODE = YES;
				CLANG_WARN__DUPLICATE_METHOD_MATCH = YES;
				CODE_SIGN_IDENTITY = "iPhone Distribution";
				"CODE_SIGN_IDENTITY[sdk=iphoneos*]" = "iPhone Distribution: OOO Transpribor (FD6ZML48V9)";
				COPY_PHASE_STRIP = NO;
				DEBUG_INFORMATION_FORMAT = "dwarf-with-dsym";
				ENABLE_NS_ASSERTIONS = NO;
				ENABLE_STRICT_OBJC_MSGSEND = YES;
				GCC_C_LANGUAGE_STANDARD = gnu99;
				GCC_NO_COMMON_BLOCKS = YES;
				GCC_WARN_64_TO_32_BIT_CONVERSION = YES;
				GCC_WARN_ABOUT_RETURN_TYPE = YES_ERROR;
				GCC_WARN_UNDECLARED_SELECTOR = YES;
				GCC_WARN_UNINITIALIZED_AUTOS = YES_AGGRESSIVE;
				GCC_WARN_UNUSED_FUNCTION = YES;
				GCC_WARN_UNUSED_VARIABLE = YES;
				IPHONEOS_DEPLOYMENT_TARGET = 11.0;
				MTL_ENABLE_DEBUG_INFO = NO;
				SDKROOT = iphoneos;
				SWIFT_OPTIMIZATION_LEVEL = "-Owholemodule";
				SWIFT_VERSION = 2.3;
				VALIDATE_PRODUCT = YES;
			};
			name = Release;
		};
		0AC265A21C3D2C24009E28FD /* Debug */ = {
			isa = XCBuildConfiguration;
			baseConfigurationReference = 6986C35E08407E6F25C12994 /* Pods-RxMarbles.debug.xcconfig */;
			buildSettings = {
				ASSETCATALOG_COMPILER_APPICON_NAME = AppIcon;
				CODE_SIGN_IDENTITY = "iPhone Developer";
				"CODE_SIGN_IDENTITY[sdk=iphoneos*]" = "iPhone Developer";
				CURRENT_PROJECT_VERSION = 30;
				DEBUG_INFORMATION_FORMAT = "dwarf-with-dsym";
				DEVELOPMENT_TEAM = FD6ZML48V9;
				ENABLE_BITCODE = YES;
				INFOPLIST_FILE = RxMarbles/Info.plist;
				LD_RUNPATH_SEARCH_PATHS = "$(inherited) @executable_path/Frameworks";
				MARKETING_VERSION = 1.2.5;
				PRODUCT_BUNDLE_IDENTIFIER = com.anjlab.RxMarbles;
				PRODUCT_NAME = "$(TARGET_NAME)";
				PROVISIONING_PROFILE = "";
				SWIFT_VERSION = 5.0;
				TARGETED_DEVICE_FAMILY = "1,2";
			};
			name = Debug;
		};
		0AC265A31C3D2C24009E28FD /* Release */ = {
			isa = XCBuildConfiguration;
			baseConfigurationReference = CAE724EF79E7DD1CA47C8ADE /* Pods-RxMarbles.release.xcconfig */;
			buildSettings = {
				ASSETCATALOG_COMPILER_APPICON_NAME = AppIcon;
				"CODE_SIGN_IDENTITY[sdk=iphoneos*]" = "iPhone Developer";
				CURRENT_PROJECT_VERSION = 30;
				DEBUG_INFORMATION_FORMAT = "dwarf-with-dsym";
				DEVELOPMENT_TEAM = FD6ZML48V9;
				ENABLE_BITCODE = YES;
				INFOPLIST_FILE = RxMarbles/Info.plist;
				LD_RUNPATH_SEARCH_PATHS = "$(inherited) @executable_path/Frameworks";
				MARKETING_VERSION = 1.2.5;
				PRODUCT_BUNDLE_IDENTIFIER = com.anjlab.RxMarbles;
				PRODUCT_NAME = "$(TARGET_NAME)";
				PROVISIONING_PROFILE = "";
				SWIFT_VERSION = 5.0;
				TARGETED_DEVICE_FAMILY = "1,2";
			};
			name = Release;
		};
/* End XCBuildConfiguration section */

/* Begin XCConfigurationList section */
		0AC2658A1C3D2C23009E28FD /* Build configuration list for PBXProject "RxMarbles" */ = {
			isa = XCConfigurationList;
			buildConfigurations = (
				0AC2659F1C3D2C24009E28FD /* Debug */,
				0AC265A01C3D2C24009E28FD /* Release */,
			);
			defaultConfigurationIsVisible = 0;
			defaultConfigurationName = Release;
		};
		0AC265A11C3D2C24009E28FD /* Build configuration list for PBXNativeTarget "RxMarbles" */ = {
			isa = XCConfigurationList;
			buildConfigurations = (
				0AC265A21C3D2C24009E28FD /* Debug */,
				0AC265A31C3D2C24009E28FD /* Release */,
			);
			defaultConfigurationIsVisible = 0;
			defaultConfigurationName = Release;
		};
/* End XCConfigurationList section */
	};
	rootObject = 0AC265871C3D2C23009E28FD /* Project object */;
}
