// !$*UTF8*$!
{
	archiveVersion = 1;
	classes = {
	};
	objectVersion = 46;
	objects = {

/* Begin PBXBuildFile section */
		0A4111CC1C510C2F0067D0E3 /* EventView.swift in Sources */ = {isa = PBXBuildFile; fileRef = 0A4111CB1C510C2F0067D0E3 /* EventView.swift */; };
		0A4111CE1C510FE80067D0E3 /* TimelineView.swift in Sources */ = {isa = PBXBuildFile; fileRef = 0A4111CD1C510FE80067D0E3 /* TimelineView.swift */; };
		0A4111D01C5110090067D0E3 /* SourceTimelineView.swift in Sources */ = {isa = PBXBuildFile; fileRef = 0A4111CF1C5110090067D0E3 /* SourceTimelineView.swift */; };
		0A4111D21C51103D0067D0E3 /* ResultTimelineView.swift in Sources */ = {isa = PBXBuildFile; fileRef = 0A4111D11C51103D0067D0E3 /* ResultTimelineView.swift */; };
		0A4111D41C5110610067D0E3 /* SceneView.swift in Sources */ = {isa = PBXBuildFile; fileRef = 0A4111D31C5110610067D0E3 /* SceneView.swift */; };
		0AC265931C3D2C24009E28FD /* AppDelegate.swift in Sources */ = {isa = PBXBuildFile; fileRef = 0AC265921C3D2C24009E28FD /* AppDelegate.swift */; };
		0AC265951C3D2C24009E28FD /* OperatorViewController.swift in Sources */ = {isa = PBXBuildFile; fileRef = 0AC265941C3D2C24009E28FD /* OperatorViewController.swift */; };
		0AC2659A1C3D2C24009E28FD /* Assets.xcassets in Resources */ = {isa = PBXBuildFile; fileRef = 0AC265991C3D2C24009E28FD /* Assets.xcassets */; };
		0AC265A51C3D2D1B009E28FD /* SpriteKit.framework in Frameworks */ = {isa = PBXBuildFile; fileRef = 0AC265A41C3D2D1B009E28FD /* SpriteKit.framework */; };
		0AC266091C3E96C2009E28FD /* Any+Equatable.swift in Sources */ = {isa = PBXBuildFile; fileRef = 0AC265FB1C3E96C2009E28FD /* Any+Equatable.swift */; };
		0AC2660A1C3E96C2009E28FD /* ColdObservable.swift in Sources */ = {isa = PBXBuildFile; fileRef = 0AC265FC1C3E96C2009E28FD /* ColdObservable.swift */; };
		0AC2660B1C3E96C2009E28FD /* Event+Equatable.swift in Sources */ = {isa = PBXBuildFile; fileRef = 0AC265FD1C3E96C2009E28FD /* Event+Equatable.swift */; };
		0AC2660C1C3E96C2009E28FD /* HotObservable.swift in Sources */ = {isa = PBXBuildFile; fileRef = 0AC265FE1C3E96C2009E28FD /* HotObservable.swift */; };
		0AC2660D1C3E96C2009E28FD /* Info.plist in Resources */ = {isa = PBXBuildFile; fileRef = 0AC265FF1C3E96C2009E28FD /* Info.plist */; };
		0AC2660E1C3E96C2009E28FD /* Recorded.swift in Sources */ = {isa = PBXBuildFile; fileRef = 0AC266001C3E96C2009E28FD /* Recorded.swift */; };
		0AC2660F1C3E96C2009E28FD /* RxTests.swift in Sources */ = {isa = PBXBuildFile; fileRef = 0AC266011C3E96C2009E28FD /* RxTests.swift */; };
		0AC266101C3E96C2009E28FD /* TestScheduler.swift in Sources */ = {isa = PBXBuildFile; fileRef = 0AC266031C3E96C2009E28FD /* TestScheduler.swift */; };
		0AC266111C3E96C2009E28FD /* TestSchedulerVirtualTimeConverter.swift in Sources */ = {isa = PBXBuildFile; fileRef = 0AC266041C3E96C2009E28FD /* TestSchedulerVirtualTimeConverter.swift */; };
		0AC266121C3E96C2009E28FD /* Subscription.swift in Sources */ = {isa = PBXBuildFile; fileRef = 0AC266051C3E96C2009E28FD /* Subscription.swift */; };
		0AC266131C3E96C2009E28FD /* TestableObservable.swift in Sources */ = {isa = PBXBuildFile; fileRef = 0AC266061C3E96C2009E28FD /* TestableObservable.swift */; };
		0AC266141C3E96C2009E28FD /* TestableObserver.swift in Sources */ = {isa = PBXBuildFile; fileRef = 0AC266071C3E96C2009E28FD /* TestableObserver.swift */; };
		0AC2661E1C40775D009E28FD /* OperatorsTableViewController.swift in Sources */ = {isa = PBXBuildFile; fileRef = 0AC2661D1C40775D009E28FD /* OperatorsTableViewController.swift */; };
		0AE8A6AE1C47EAFB00570F15 /* EquatableArray.swift in Sources */ = {isa = PBXBuildFile; fileRef = 0AE8A6AD1C47EAFB00570F15 /* EquatableArray.swift */; };
		B56EA8098BC0F10D42724B4F /* Pods_RxMarbles.framework in Frameworks */ = {isa = PBXBuildFile; fileRef = 0AE9F116A7FA7CF82830AA31 /* Pods_RxMarbles.framework */; };
		D25E7A501C41BD4800B08F70 /* Operator.swift in Sources */ = {isa = PBXBuildFile; fileRef = D25E7A4F1C41BD4800B08F70 /* Operator.swift */; };
		D25E7A521C41BF3F00B08F70 /* Launch Screen.storyboard in Resources */ = {isa = PBXBuildFile; fileRef = D25E7A511C41BF3F00B08F70 /* Launch Screen.storyboard */; };
		D2F561A51C52AAEE0041C9A3 /* Color.swift in Sources */ = {isa = PBXBuildFile; fileRef = D2F561A41C52AAEE0041C9A3 /* Color.swift */; };
		D2F561A71C52AEF30041C9A3 /* UIView.swift in Sources */ = {isa = PBXBuildFile; fileRef = D2F561A61C52AEF30041C9A3 /* UIView.swift */; };
		D2F561AB1C52B0510041C9A3 /* Indexing.swift in Sources */ = {isa = PBXBuildFile; fileRef = D2F561AA1C52B0510041C9A3 /* Indexing.swift */; };
		D2F561AD1C52B09B0041C9A3 /* Error.swift in Sources */ = {isa = PBXBuildFile; fileRef = D2F561AC1C52B09B0041C9A3 /* Error.swift */; };
		D2F561AF1C52B0DD0041C9A3 /* OperatorImplementation.swift in Sources */ = {isa = PBXBuildFile; fileRef = D2F561AE1C52B0DD0041C9A3 /* OperatorImplementation.swift */; };
		D2F561B11C52B13B0041C9A3 /* Image.swift in Sources */ = {isa = PBXBuildFile; fileRef = D2F561B01C52B13B0041C9A3 /* Image.swift */; };
		D2F561B31C52B15B0041C9A3 /* ColoredType.swift in Sources */ = {isa = PBXBuildFile; fileRef = D2F561B21C52B15B0041C9A3 /* ColoredType.swift */; };
		D2F561B51C52B2160041C9A3 /* EventShape.swift in Sources */ = {isa = PBXBuildFile; fileRef = D2F561B41C52B2160041C9A3 /* EventShape.swift */; };
/* End PBXBuildFile section */

/* Begin PBXFileReference section */
		0A4111CB1C510C2F0067D0E3 /* EventView.swift */ = {isa = PBXFileReference; fileEncoding = 4; lastKnownFileType = sourcecode.swift; path = EventView.swift; sourceTree = "<group>"; };
		0A4111CD1C510FE80067D0E3 /* TimelineView.swift */ = {isa = PBXFileReference; fileEncoding = 4; lastKnownFileType = sourcecode.swift; path = TimelineView.swift; sourceTree = "<group>"; };
		0A4111CF1C5110090067D0E3 /* SourceTimelineView.swift */ = {isa = PBXFileReference; fileEncoding = 4; lastKnownFileType = sourcecode.swift; path = SourceTimelineView.swift; sourceTree = "<group>"; };
		0A4111D11C51103D0067D0E3 /* ResultTimelineView.swift */ = {isa = PBXFileReference; fileEncoding = 4; lastKnownFileType = sourcecode.swift; path = ResultTimelineView.swift; sourceTree = "<group>"; };
		0A4111D31C5110610067D0E3 /* SceneView.swift */ = {isa = PBXFileReference; fileEncoding = 4; lastKnownFileType = sourcecode.swift; path = SceneView.swift; sourceTree = "<group>"; };
		0AC2658F1C3D2C24009E28FD /* RxMarbles.app */ = {isa = PBXFileReference; explicitFileType = wrapper.application; includeInIndex = 0; path = RxMarbles.app; sourceTree = BUILT_PRODUCTS_DIR; };
		0AC265921C3D2C24009E28FD /* AppDelegate.swift */ = {isa = PBXFileReference; lastKnownFileType = sourcecode.swift; path = AppDelegate.swift; sourceTree = "<group>"; };
		0AC265941C3D2C24009E28FD /* OperatorViewController.swift */ = {isa = PBXFileReference; lastKnownFileType = sourcecode.swift; path = OperatorViewController.swift; sourceTree = "<group>"; };
		0AC265991C3D2C24009E28FD /* Assets.xcassets */ = {isa = PBXFileReference; lastKnownFileType = folder.assetcatalog; path = Assets.xcassets; sourceTree = "<group>"; };
		0AC2659E1C3D2C24009E28FD /* Info.plist */ = {isa = PBXFileReference; lastKnownFileType = text.plist.xml; path = Info.plist; sourceTree = "<group>"; };
		0AC265A41C3D2D1B009E28FD /* SpriteKit.framework */ = {isa = PBXFileReference; lastKnownFileType = wrapper.framework; name = SpriteKit.framework; path = System/Library/Frameworks/SpriteKit.framework; sourceTree = SDKROOT; };
		0AC265FB1C3E96C2009E28FD /* Any+Equatable.swift */ = {isa = PBXFileReference; fileEncoding = 4; lastKnownFileType = sourcecode.swift; path = "Any+Equatable.swift"; sourceTree = "<group>"; };
		0AC265FC1C3E96C2009E28FD /* ColdObservable.swift */ = {isa = PBXFileReference; fileEncoding = 4; lastKnownFileType = sourcecode.swift; path = ColdObservable.swift; sourceTree = "<group>"; };
		0AC265FD1C3E96C2009E28FD /* Event+Equatable.swift */ = {isa = PBXFileReference; fileEncoding = 4; lastKnownFileType = sourcecode.swift; path = "Event+Equatable.swift"; sourceTree = "<group>"; };
		0AC265FE1C3E96C2009E28FD /* HotObservable.swift */ = {isa = PBXFileReference; fileEncoding = 4; lastKnownFileType = sourcecode.swift; path = HotObservable.swift; sourceTree = "<group>"; };
		0AC265FF1C3E96C2009E28FD /* Info.plist */ = {isa = PBXFileReference; fileEncoding = 4; lastKnownFileType = text.plist.xml; path = Info.plist; sourceTree = "<group>"; };
		0AC266001C3E96C2009E28FD /* Recorded.swift */ = {isa = PBXFileReference; fileEncoding = 4; lastKnownFileType = sourcecode.swift; path = Recorded.swift; sourceTree = "<group>"; };
		0AC266011C3E96C2009E28FD /* RxTests.swift */ = {isa = PBXFileReference; fileEncoding = 4; lastKnownFileType = sourcecode.swift; path = RxTests.swift; sourceTree = "<group>"; };
		0AC266031C3E96C2009E28FD /* TestScheduler.swift */ = {isa = PBXFileReference; fileEncoding = 4; lastKnownFileType = sourcecode.swift; path = TestScheduler.swift; sourceTree = "<group>"; };
		0AC266041C3E96C2009E28FD /* TestSchedulerVirtualTimeConverter.swift */ = {isa = PBXFileReference; fileEncoding = 4; lastKnownFileType = sourcecode.swift; path = TestSchedulerVirtualTimeConverter.swift; sourceTree = "<group>"; };
		0AC266051C3E96C2009E28FD /* Subscription.swift */ = {isa = PBXFileReference; fileEncoding = 4; lastKnownFileType = sourcecode.swift; path = Subscription.swift; sourceTree = "<group>"; };
		0AC266061C3E96C2009E28FD /* TestableObservable.swift */ = {isa = PBXFileReference; fileEncoding = 4; lastKnownFileType = sourcecode.swift; path = TestableObservable.swift; sourceTree = "<group>"; };
		0AC266071C3E96C2009E28FD /* TestableObserver.swift */ = {isa = PBXFileReference; fileEncoding = 4; lastKnownFileType = sourcecode.swift; path = TestableObserver.swift; sourceTree = "<group>"; };
		0AC2661D1C40775D009E28FD /* OperatorsTableViewController.swift */ = {isa = PBXFileReference; fileEncoding = 4; lastKnownFileType = sourcecode.swift; path = OperatorsTableViewController.swift; sourceTree = "<group>"; };
		0AE8A6AD1C47EAFB00570F15 /* EquatableArray.swift */ = {isa = PBXFileReference; fileEncoding = 4; lastKnownFileType = sourcecode.swift; path = EquatableArray.swift; sourceTree = "<group>"; };
		0AE9F116A7FA7CF82830AA31 /* Pods_RxMarbles.framework */ = {isa = PBXFileReference; explicitFileType = wrapper.framework; includeInIndex = 0; path = Pods_RxMarbles.framework; sourceTree = BUILT_PRODUCTS_DIR; };
		D25E7A4F1C41BD4800B08F70 /* Operator.swift */ = {isa = PBXFileReference; fileEncoding = 4; lastKnownFileType = sourcecode.swift; path = Operator.swift; sourceTree = "<group>"; };
		D25E7A511C41BF3F00B08F70 /* Launch Screen.storyboard */ = {isa = PBXFileReference; fileEncoding = 4; lastKnownFileType = file.storyboard; path = "Launch Screen.storyboard"; sourceTree = "<group>"; };
		D2F561A41C52AAEE0041C9A3 /* Color.swift */ = {isa = PBXFileReference; fileEncoding = 4; lastKnownFileType = sourcecode.swift; path = Color.swift; sourceTree = "<group>"; };
		D2F561A61C52AEF30041C9A3 /* UIView.swift */ = {isa = PBXFileReference; fileEncoding = 4; lastKnownFileType = sourcecode.swift; path = UIView.swift; sourceTree = "<group>"; };
		D2F561AA1C52B0510041C9A3 /* Indexing.swift */ = {isa = PBXFileReference; fileEncoding = 4; lastKnownFileType = sourcecode.swift; path = Indexing.swift; sourceTree = "<group>"; };
		D2F561AC1C52B09B0041C9A3 /* Error.swift */ = {isa = PBXFileReference; fileEncoding = 4; lastKnownFileType = sourcecode.swift; path = Error.swift; sourceTree = "<group>"; };
		D2F561AE1C52B0DD0041C9A3 /* OperatorImplementation.swift */ = {isa = PBXFileReference; fileEncoding = 4; lastKnownFileType = sourcecode.swift; path = OperatorImplementation.swift; sourceTree = "<group>"; };
		D2F561B01C52B13B0041C9A3 /* Image.swift */ = {isa = PBXFileReference; fileEncoding = 4; lastKnownFileType = sourcecode.swift; path = Image.swift; sourceTree = "<group>"; };
		D2F561B21C52B15B0041C9A3 /* ColoredType.swift */ = {isa = PBXFileReference; fileEncoding = 4; lastKnownFileType = sourcecode.swift; path = ColoredType.swift; sourceTree = "<group>"; };
		D2F561B41C52B2160041C9A3 /* EventShape.swift */ = {isa = PBXFileReference; fileEncoding = 4; lastKnownFileType = sourcecode.swift; path = EventShape.swift; sourceTree = "<group>"; };
		E53F520ED8D12F16A6CA768B /* Pods-RxMarbles.release.xcconfig */ = {isa = PBXFileReference; includeInIndex = 1; lastKnownFileType = text.xcconfig; name = "Pods-RxMarbles.release.xcconfig"; path = "Pods/Target Support Files/Pods-RxMarbles/Pods-RxMarbles.release.xcconfig"; sourceTree = "<group>"; };
		FC5F3BE6490B02E2D9D720E3 /* Pods-RxMarbles.debug.xcconfig */ = {isa = PBXFileReference; includeInIndex = 1; lastKnownFileType = text.xcconfig; name = "Pods-RxMarbles.debug.xcconfig"; path = "Pods/Target Support Files/Pods-RxMarbles/Pods-RxMarbles.debug.xcconfig"; sourceTree = "<group>"; };
/* End PBXFileReference section */

/* Begin PBXFrameworksBuildPhase section */
		0AC2658C1C3D2C24009E28FD /* Frameworks */ = {
			isa = PBXFrameworksBuildPhase;
			buildActionMask = 2147483647;
			files = (
				0AC265A51C3D2D1B009E28FD /* SpriteKit.framework in Frameworks */,
				B56EA8098BC0F10D42724B4F /* Pods_RxMarbles.framework in Frameworks */,
			);
			runOnlyForDeploymentPostprocessing = 0;
		};
/* End PBXFrameworksBuildPhase section */

/* Begin PBXGroup section */
		0A4111D51C51113C0067D0E3 /* ViewControllers */ = {
			isa = PBXGroup;
			children = (
				0AC265941C3D2C24009E28FD /* OperatorViewController.swift */,
				0AC2661D1C40775D009E28FD /* OperatorsTableViewController.swift */,
			);
			name = ViewControllers;
			sourceTree = "<group>";
		};
		0A4111D61C51114D0067D0E3 /* Views */ = {
			isa = PBXGroup;
			children = (
				0A4111CD1C510FE80067D0E3 /* TimelineView.swift */,
				0A4111CF1C5110090067D0E3 /* SourceTimelineView.swift */,
				0A4111D11C51103D0067D0E3 /* ResultTimelineView.swift */,
				0A4111D31C5110610067D0E3 /* SceneView.swift */,
				0A4111CB1C510C2F0067D0E3 /* EventView.swift */,
			);
			name = Views;
			sourceTree = "<group>";
		};
		0AC265861C3D2C23009E28FD = {
			isa = PBXGroup;
			children = (
				D25E7A511C41BF3F00B08F70 /* Launch Screen.storyboard */,
				0AC265911C3D2C24009E28FD /* RxMarbles */,
				0AC265901C3D2C24009E28FD /* Products */,
				8153F03DEC8FA4DD67B90F09 /* Pods */,
				D028916D53309B4D877173B9 /* Frameworks */,
			);
			sourceTree = "<group>";
		};
		0AC265901C3D2C24009E28FD /* Products */ = {
			isa = PBXGroup;
			children = (
				0AC2658F1C3D2C24009E28FD /* RxMarbles.app */,
			);
			name = Products;
			sourceTree = "<group>";
		};
		0AC265911C3D2C24009E28FD /* RxMarbles */ = {
			isa = PBXGroup;
			children = (
				D2F561A91C52B0360041C9A3 /* Model */,
				0AC265FA1C3E96C2009E28FD /* Lib */,
				D2F561A31C52AAD90041C9A3 /* UIKit */,
				0A4111D51C51113C0067D0E3 /* ViewControllers */,
				0A4111D61C51114D0067D0E3 /* Views */,
				0AC265991C3D2C24009E28FD /* Assets.xcassets */,
				0AC2659E1C3D2C24009E28FD /* Info.plist */,
				0AC265921C3D2C24009E28FD /* AppDelegate.swift */,
			);
			path = RxMarbles;
			sourceTree = "<group>";
		};
		0AC265FA1C3E96C2009E28FD /* Lib */ = {
			isa = PBXGroup;
			children = (
				D2F561A81C52B0120041C9A3 /* Rx */,
			);
			name = Lib;
			path = RxTests;
			sourceTree = "<group>";
		};
		0AC266021C3E96C2009E28FD /* Schedulers */ = {
			isa = PBXGroup;
			children = (
				0AC266031C3E96C2009E28FD /* TestScheduler.swift */,
				0AC266041C3E96C2009E28FD /* TestSchedulerVirtualTimeConverter.swift */,
			);
			path = Schedulers;
			sourceTree = "<group>";
		};
		8153F03DEC8FA4DD67B90F09 /* Pods */ = {
			isa = PBXGroup;
			children = (
				FC5F3BE6490B02E2D9D720E3 /* Pods-RxMarbles.debug.xcconfig */,
				E53F520ED8D12F16A6CA768B /* Pods-RxMarbles.release.xcconfig */,
			);
			name = Pods;
			sourceTree = "<group>";
		};
		D028916D53309B4D877173B9 /* Frameworks */ = {
			isa = PBXGroup;
			children = (
				0AE9F116A7FA7CF82830AA31 /* Pods_RxMarbles.framework */,
				0AC265A41C3D2D1B009E28FD /* SpriteKit.framework */,
			);
			name = Frameworks;
			sourceTree = "<group>";
		};
		D2F561A31C52AAD90041C9A3 /* UIKit */ = {
			isa = PBXGroup;
			children = (
				D2F561A41C52AAEE0041C9A3 /* Color.swift */,
				D2F561A61C52AEF30041C9A3 /* UIView.swift */,
				D2F561B01C52B13B0041C9A3 /* Image.swift */,
			);
			name = UIKit;
			sourceTree = "<group>";
		};
		D2F561A81C52B0120041C9A3 /* Rx */ = {
			isa = PBXGroup;
			children = (
				0AC266071C3E96C2009E28FD /* TestableObserver.swift */,
				0AE8A6AD1C47EAFB00570F15 /* EquatableArray.swift */,
				0AC265FB1C3E96C2009E28FD /* Any+Equatable.swift */,
				0AC265FC1C3E96C2009E28FD /* ColdObservable.swift */,
				0AC265FD1C3E96C2009E28FD /* Event+Equatable.swift */,
				0AC265FE1C3E96C2009E28FD /* HotObservable.swift */,
				0AC265FF1C3E96C2009E28FD /* Info.plist */,
				0AC266001C3E96C2009E28FD /* Recorded.swift */,
				0AC266011C3E96C2009E28FD /* RxTests.swift */,
				0AC266021C3E96C2009E28FD /* Schedulers */,
				0AC266051C3E96C2009E28FD /* Subscription.swift */,
				0AC266061C3E96C2009E28FD /* TestableObservable.swift */,
			);
			name = Rx;
			sourceTree = "<group>";
		};
		D2F561A91C52B0360041C9A3 /* Model */ = {
			isa = PBXGroup;
			children = (
				D25E7A4F1C41BD4800B08F70 /* Operator.swift */,
				D2F561AE1C52B0DD0041C9A3 /* OperatorImplementation.swift */,
				D2F561AA1C52B0510041C9A3 /* Indexing.swift */,
				D2F561AC1C52B09B0041C9A3 /* Error.swift */,
				D2F561B21C52B15B0041C9A3 /* ColoredType.swift */,
				D2F561B41C52B2160041C9A3 /* EventShape.swift */,
			);
			name = Model;
			sourceTree = "<group>";
		};
/* End PBXGroup section */

/* Begin PBXNativeTarget section */
		0AC2658E1C3D2C24009E28FD /* RxMarbles */ = {
			isa = PBXNativeTarget;
			buildConfigurationList = 0AC265A11C3D2C24009E28FD /* Build configuration list for PBXNativeTarget "RxMarbles" */;
			buildPhases = (
				109F769F40BAF5DDF2EB1C50 /* Check Pods Manifest.lock */,
				0AC2658B1C3D2C24009E28FD /* Sources */,
				0AC2658C1C3D2C24009E28FD /* Frameworks */,
				0AC2658D1C3D2C24009E28FD /* Resources */,
				D21B76E9BF248CAD0260930D /* Embed Pods Frameworks */,
				F747CF4A6B2E09D392FB721F /* Copy Pods Resources */,
			);
			buildRules = (
			);
			dependencies = (
			);
			name = RxMarbles;
			productName = RxMarbles;
			productReference = 0AC2658F1C3D2C24009E28FD /* RxMarbles.app */;
			productType = "com.apple.product-type.application";
		};
/* End PBXNativeTarget section */

/* Begin PBXProject section */
		0AC265871C3D2C23009E28FD /* Project object */ = {
			isa = PBXProject;
			attributes = {
				CLASSPREFIX = RXM;
				LastSwiftUpdateCheck = 0720;
				LastUpgradeCheck = 0720;
				ORGANIZATIONNAME = AnjLab;
				TargetAttributes = {
					0AC2658E1C3D2C24009E28FD = {
						CreatedOnToolsVersion = 7.2;
						DevelopmentTeam = FD6ZML48V9;
					};
				};
			};
			buildConfigurationList = 0AC2658A1C3D2C23009E28FD /* Build configuration list for PBXProject "RxMarbles" */;
			compatibilityVersion = "Xcode 3.2";
			developmentRegion = English;
			hasScannedForEncodings = 0;
			knownRegions = (
				en,
				Base,
			);
			mainGroup = 0AC265861C3D2C23009E28FD;
			productRefGroup = 0AC265901C3D2C24009E28FD /* Products */;
			projectDirPath = "";
			projectRoot = "";
			targets = (
				0AC2658E1C3D2C24009E28FD /* RxMarbles */,
			);
		};
/* End PBXProject section */

/* Begin PBXResourcesBuildPhase section */
		0AC2658D1C3D2C24009E28FD /* Resources */ = {
			isa = PBXResourcesBuildPhase;
			buildActionMask = 2147483647;
			files = (
				0AC2659A1C3D2C24009E28FD /* Assets.xcassets in Resources */,
				D25E7A521C41BF3F00B08F70 /* Launch Screen.storyboard in Resources */,
				0AC2660D1C3E96C2009E28FD /* Info.plist in Resources */,
			);
			runOnlyForDeploymentPostprocessing = 0;
		};
/* End PBXResourcesBuildPhase section */

/* Begin PBXShellScriptBuildPhase section */
		109F769F40BAF5DDF2EB1C50 /* Check Pods Manifest.lock */ = {
			isa = PBXShellScriptBuildPhase;
			buildActionMask = 2147483647;
			files = (
			);
			inputPaths = (
			);
			name = "Check Pods Manifest.lock";
			outputPaths = (
			);
			runOnlyForDeploymentPostprocessing = 0;
			shellPath = /bin/sh;
			shellScript = "diff \"${PODS_ROOT}/../Podfile.lock\" \"${PODS_ROOT}/Manifest.lock\" > /dev/null\nif [[ $? != 0 ]] ; then\n    cat << EOM\nerror: The sandbox is not in sync with the Podfile.lock. Run 'pod install' or update your CocoaPods installation.\nEOM\n    exit 1\nfi\n";
			showEnvVarsInLog = 0;
		};
		D21B76E9BF248CAD0260930D /* Embed Pods Frameworks */ = {
			isa = PBXShellScriptBuildPhase;
			buildActionMask = 2147483647;
			files = (
			);
			inputPaths = (
			);
			name = "Embed Pods Frameworks";
			outputPaths = (
			);
			runOnlyForDeploymentPostprocessing = 0;
			shellPath = /bin/sh;
			shellScript = "\"${SRCROOT}/Pods/Target Support Files/Pods-RxMarbles/Pods-RxMarbles-frameworks.sh\"\n";
			showEnvVarsInLog = 0;
		};
		F747CF4A6B2E09D392FB721F /* Copy Pods Resources */ = {
			isa = PBXShellScriptBuildPhase;
			buildActionMask = 2147483647;
			files = (
			);
			inputPaths = (
			);
			name = "Copy Pods Resources";
			outputPaths = (
			);
			runOnlyForDeploymentPostprocessing = 0;
			shellPath = /bin/sh;
			shellScript = "\"${SRCROOT}/Pods/Target Support Files/Pods-RxMarbles/Pods-RxMarbles-resources.sh\"\n";
			showEnvVarsInLog = 0;
		};
/* End PBXShellScriptBuildPhase section */

/* Begin PBXSourcesBuildPhase section */
		0AC2658B1C3D2C24009E28FD /* Sources */ = {
			isa = PBXSourcesBuildPhase;
			buildActionMask = 2147483647;
			files = (
				0A4111D21C51103D0067D0E3 /* ResultTimelineView.swift in Sources */,
				D2F561B11C52B13B0041C9A3 /* Image.swift in Sources */,
				D2F561B51C52B2160041C9A3 /* EventShape.swift in Sources */,
				D2F561AF1C52B0DD0041C9A3 /* OperatorImplementation.swift in Sources */,
				0AC266101C3E96C2009E28FD /* TestScheduler.swift in Sources */,
				D2F561A51C52AAEE0041C9A3 /* Color.swift in Sources */,
				0AC2660E1C3E96C2009E28FD /* Recorded.swift in Sources */,
				0AC266141C3E96C2009E28FD /* TestableObserver.swift in Sources */,
				0AC2660A1C3E96C2009E28FD /* ColdObservable.swift in Sources */,
				0AC265951C3D2C24009E28FD /* OperatorViewController.swift in Sources */,
				0AC2660B1C3E96C2009E28FD /* Event+Equatable.swift in Sources */,
				D25E7A501C41BD4800B08F70 /* Operator.swift in Sources */,
				0AC266121C3E96C2009E28FD /* Subscription.swift in Sources */,
				0AC266111C3E96C2009E28FD /* TestSchedulerVirtualTimeConverter.swift in Sources */,
				0AE8A6AE1C47EAFB00570F15 /* EquatableArray.swift in Sources */,
				0A4111CC1C510C2F0067D0E3 /* EventView.swift in Sources */,
				0A4111CE1C510FE80067D0E3 /* TimelineView.swift in Sources */,
				0A4111D41C5110610067D0E3 /* SceneView.swift in Sources */,
				D2F561A71C52AEF30041C9A3 /* UIView.swift in Sources */,
				0A4111D01C5110090067D0E3 /* SourceTimelineView.swift in Sources */,
				0AC2661E1C40775D009E28FD /* OperatorsTableViewController.swift in Sources */,
				0AC266091C3E96C2009E28FD /* Any+Equatable.swift in Sources */,
				0AC266131C3E96C2009E28FD /* TestableObservable.swift in Sources */,
				0AC2660C1C3E96C2009E28FD /* HotObservable.swift in Sources */,
				0AC265931C3D2C24009E28FD /* AppDelegate.swift in Sources */,
				0AC2660F1C3E96C2009E28FD /* RxTests.swift in Sources */,
				D2F561AD1C52B09B0041C9A3 /* Error.swift in Sources */,
				D2F561B31C52B15B0041C9A3 /* ColoredType.swift in Sources */,
				D2F561AB1C52B0510041C9A3 /* Indexing.swift in Sources */,
			);
			runOnlyForDeploymentPostprocessing = 0;
		};
/* End PBXSourcesBuildPhase section */

/* Begin XCBuildConfiguration section */
		0AC2659F1C3D2C24009E28FD /* Debug */ = {
			isa = XCBuildConfiguration;
			buildSettings = {
				ALWAYS_SEARCH_USER_PATHS = NO;
				CLANG_CXX_LANGUAGE_STANDARD = "gnu++0x";
				CLANG_CXX_LIBRARY = "libc++";
				CLANG_ENABLE_MODULES = YES;
				CLANG_ENABLE_OBJC_ARC = YES;
				CLANG_WARN_BOOL_CONVERSION = YES;
				CLANG_WARN_CONSTANT_CONVERSION = YES;
				CLANG_WARN_DIRECT_OBJC_ISA_USAGE = YES_ERROR;
				CLANG_WARN_EMPTY_BODY = YES;
				CLANG_WARN_ENUM_CONVERSION = YES;
				CLANG_WARN_INT_CONVERSION = YES;
				CLANG_WARN_OBJC_ROOT_CLASS = YES_ERROR;
				CLANG_WARN_UNREACHABLE_CODE = YES;
				CLANG_WARN__DUPLICATE_METHOD_MATCH = YES;
				"CODE_SIGN_IDENTITY[sdk=iphoneos*]" = "iPhone Developer";
				COPY_PHASE_STRIP = NO;
				DEBUG_INFORMATION_FORMAT = dwarf;
				ENABLE_STRICT_OBJC_MSGSEND = YES;
				ENABLE_TESTABILITY = YES;
				GCC_C_LANGUAGE_STANDARD = gnu99;
				GCC_DYNAMIC_NO_PIC = NO;
				GCC_NO_COMMON_BLOCKS = YES;
				GCC_OPTIMIZATION_LEVEL = 0;
				GCC_PREPROCESSOR_DEFINITIONS = (
					"DEBUG=1",
					"$(inherited)",
				);
				GCC_WARN_64_TO_32_BIT_CONVERSION = YES;
				GCC_WARN_ABOUT_RETURN_TYPE = YES_ERROR;
				GCC_WARN_UNDECLARED_SELECTOR = YES;
				GCC_WARN_UNINITIALIZED_AUTOS = YES_AGGRESSIVE;
				GCC_WARN_UNUSED_FUNCTION = YES;
				GCC_WARN_UNUSED_VARIABLE = YES;
				IPHONEOS_DEPLOYMENT_TARGET = 9.2;
				MTL_ENABLE_DEBUG_INFO = YES;
				ONLY_ACTIVE_ARCH = YES;
				SDKROOT = iphoneos;
				SWIFT_OPTIMIZATION_LEVEL = "-Onone";
			};
			name = Debug;
		};
		0AC265A01C3D2C24009E28FD /* Release */ = {
			isa = XCBuildConfiguration;
			buildSettings = {
				ALWAYS_SEARCH_USER_PATHS = NO;
				CLANG_CXX_LANGUAGE_STANDARD = "gnu++0x";
				CLANG_CXX_LIBRARY = "libc++";
				CLANG_ENABLE_MODULES = YES;
				CLANG_ENABLE_OBJC_ARC = YES;
				CLANG_WARN_BOOL_CONVERSION = YES;
				CLANG_WARN_CONSTANT_CONVERSION = YES;
				CLANG_WARN_DIRECT_OBJC_ISA_USAGE = YES_ERROR;
				CLANG_WARN_EMPTY_BODY = YES;
				CLANG_WARN_ENUM_CONVERSION = YES;
				CLANG_WARN_INT_CONVERSION = YES;
				CLANG_WARN_OBJC_ROOT_CLASS = YES_ERROR;
				CLANG_WARN_UNREACHABLE_CODE = YES;
				CLANG_WARN__DUPLICATE_METHOD_MATCH = YES;
				"CODE_SIGN_IDENTITY[sdk=iphoneos*]" = "iPhone Developer";
				COPY_PHASE_STRIP = NO;
				DEBUG_INFORMATION_FORMAT = "dwarf-with-dsym";
				ENABLE_NS_ASSERTIONS = NO;
				ENABLE_STRICT_OBJC_MSGSEND = YES;
				GCC_C_LANGUAGE_STANDARD = gnu99;
				GCC_NO_COMMON_BLOCKS = YES;
				GCC_WARN_64_TO_32_BIT_CONVERSION = YES;
				GCC_WARN_ABOUT_RETURN_TYPE = YES_ERROR;
				GCC_WARN_UNDECLARED_SELECTOR = YES;
				GCC_WARN_UNINITIALIZED_AUTOS = YES_AGGRESSIVE;
				GCC_WARN_UNUSED_FUNCTION = YES;
				GCC_WARN_UNUSED_VARIABLE = YES;
				IPHONEOS_DEPLOYMENT_TARGET = 9.2;
				MTL_ENABLE_DEBUG_INFO = NO;
				SDKROOT = iphoneos;
				VALIDATE_PRODUCT = YES;
			};
			name = Release;
		};
		0AC265A21C3D2C24009E28FD /* Debug */ = {
			isa = XCBuildConfiguration;
			baseConfigurationReference = FC5F3BE6490B02E2D9D720E3 /* Pods-RxMarbles.debug.xcconfig */;
			buildSettings = {
				ASSETCATALOG_COMPILER_APPICON_NAME = AppIcon;
				CODE_SIGN_IDENTITY = "iPhone Developer";
				ENABLE_BITCODE = YES;
				INFOPLIST_FILE = RxMarbles/Info.plist;
				LD_RUNPATH_SEARCH_PATHS = "$(inherited) @executable_path/Frameworks";
				PRODUCT_BUNDLE_IDENTIFIER = com.anjlab.RxMarbles;
				PRODUCT_NAME = "$(TARGET_NAME)";
				TARGETED_DEVICE_FAMILY = "1,2";
			};
			name = Debug;
		};
		0AC265A31C3D2C24009E28FD /* Release */ = {
			isa = XCBuildConfiguration;
			baseConfigurationReference = E53F520ED8D12F16A6CA768B /* Pods-RxMarbles.release.xcconfig */;
			buildSettings = {
				ASSETCATALOG_COMPILER_APPICON_NAME = AppIcon;
				CODE_SIGN_IDENTITY = "iPhone Developer";
				ENABLE_BITCODE = YES;
				INFOPLIST_FILE = RxMarbles/Info.plist;
				LD_RUNPATH_SEARCH_PATHS = "$(inherited) @executable_path/Frameworks";
				PRODUCT_BUNDLE_IDENTIFIER = com.anjlab.RxMarbles;
				PRODUCT_NAME = "$(TARGET_NAME)";
				TARGETED_DEVICE_FAMILY = "1,2";
			};
			name = Release;
		};
/* End XCBuildConfiguration section */

/* Begin XCConfigurationList section */
		0AC2658A1C3D2C23009E28FD /* Build configuration list for PBXProject "RxMarbles" */ = {
			isa = XCConfigurationList;
			buildConfigurations = (
				0AC2659F1C3D2C24009E28FD /* Debug */,
				0AC265A01C3D2C24009E28FD /* Release */,
			);
			defaultConfigurationIsVisible = 0;
			defaultConfigurationName = Release;
		};
		0AC265A11C3D2C24009E28FD /* Build configuration list for PBXNativeTarget "RxMarbles" */ = {
			isa = XCConfigurationList;
			buildConfigurations = (
				0AC265A21C3D2C24009E28FD /* Debug */,
				0AC265A31C3D2C24009E28FD /* Release */,
			);
			defaultConfigurationIsVisible = 0;
			defaultConfigurationName = Release;
		};
/* End XCConfigurationList section */
	};
	rootObject = 0AC265871C3D2C23009E28FD /* Project object */;
}
